
Microsoft Visual Studio Solution File, Format Version 12.00
# Visual Studio 15
VisualStudioVersion = 15.0.28307.852
MinimumVisualStudioVersion = 10.0.40219.1
Project("{FAE04EC0-301F-11D3-BF4B-00C04F79EFBC}") = "IFileDialog", "IFileDialog\IFileDialog.csproj", "{C6408192-35A4-48CE-853E-18CD545B0BD9}"
EndProject
Global
	GlobalSection(SolutionConfigurationPlatforms) = preSolution
		Debug|Any CPU = Debug|Any CPU
		Release|Any CPU = Release|Any CPU
	EndGlobalSection
	GlobalSection(ProjectConfigurationPlatforms) = postSolution
		{C6408192-35A4-48CE-853E-18CD545B0BD9}.Debug|Any CPU.ActiveCfg = Debug|Any CPU
		{C6408192-35A4-48CE-853E-18CD545B0BD9}.Debug|Any CPU.Build.0 = Debug|Any CPU
		{C6408192-35A4-48CE-853E-18CD545B0BD9}.Release|Any CPU.ActiveCfg = Release|Any CPU
		{C6408192-35A4-48CE-853E-18CD545B0BD9}.Release|Any CPU.Build.0 = Release|Any CPU
	EndGlobalSection
	GlobalSection(SolutionProperties) = preSolution
		HideSolutionNode = FALSE
	EndGlobalSection
	GlobalSection(ExtensibilityGlobals) = postSolution
		SolutionGuid = {4A485CB2-264D-45B6-BB7B-2420EE055338}
	EndGlobalSection
EndGlobal
